
Microsoft Visual Studio Solution File, Format Version 12.00
# Visual Studio Version 17
VisualStudioVersion = 17.4.33205.214
MinimumVisualStudioVersion = 10.0.40219.1
Project("{FAE04EC0-301F-11D3-BF4B-00C04F79EFBC}") = "Shredder", "Shredder.csproj", "{FD58A53C-78AD-47DA-9C5E-9B27E5421B36}"
EndProject
Global
	GlobalSection(SolutionConfigurationPlatforms) = preSolution
		Debug|Any CPU = Debug|Any CPU
		Release|Any CPU = Release|Any CPU
	EndGlobalSection
	GlobalSection(ProjectConfigurationPlatforms) = postSolution
		{FD58A53C-78AD-47DA-9C5E-9B27E5421B36}.Debug|Any CPU.ActiveCfg = Debug|Any CPU
		{FD58A53C-78AD-47DA-9C5E-9B27E5421B36}.Debug|Any CPU.Build.0 = Debug|Any CPU
		{FD58A53C-78AD-47DA-9C5E-9B27E5421B36}.Release|Any CPU.ActiveCfg = Release|Any CPU
		{FD58A53C-78AD-47DA-9C5E-9B27E5421B36}.Release|Any CPU.Build.0 = Release|Any CPU
	EndGlobalSection
	GlobalSection(SolutionProperties) = preSolution
		HideSolutionNode = FALSE
	EndGlobalSection
	GlobalSection(ExtensibilityGlobals) = postSolution
		SolutionGuid = {8C79EDB5-CBAA-4EFB-9520-0231231DC5EF}
	EndGlobalSection
EndGlobal
